
Microsoft Visual Studio Solution File, Format Version 12.00
# Visual Studio Version 17
VisualStudioVersion = 17.6.33829.357
MinimumVisualStudioVersion = 10.0.40219.1
Project("{FAE04EC0-301F-11D3-BF4B-00C04F79EFBC}") = "RabbitMQ.Consumer", "RabbitMQ.Consumer\RabbitMQ.Consumer.csproj", "{8620C8C7-6E63-4336-9450-5D1E0146A9EF}"
EndProject
Project("{FAE04EC0-301F-11D3-BF4B-00C04F79EFBC}") = "RabbitMQ.Publisher", "RabbitMQ.Publisher\RabbitMQ.Publisher.csproj", "{39227A78-90E6-4EC9-B4C6-50772582D27A}"
EndProject
Global
	GlobalSection(SolutionConfigurationPlatforms) = preSolution
		Debug|Any CPU = Debug|Any CPU
		Release|Any CPU = Release|Any CPU
	EndGlobalSection
	GlobalSection(ProjectConfigurationPlatforms) = postSolution
		{8620C8C7-6E63-4336-9450-5D1E0146A9EF}.Debug|Any CPU.ActiveCfg = Debug|Any CPU
		{8620C8C7-6E63-4336-9450-5D1E0146A9EF}.Debug|Any CPU.Build.0 = Debug|Any CPU
		{8620C8C7-6E63-4336-9450-5D1E0146A9EF}.Release|Any CPU.ActiveCfg = Release|Any CPU
		{8620C8C7-6E63-4336-9450-5D1E0146A9EF}.Release|Any CPU.Build.0 = Release|Any CPU
		{39227A78-90E6-4EC9-B4C6-50772582D27A}.Debug|Any CPU.ActiveCfg = Debug|Any CPU
		{39227A78-90E6-4EC9-B4C6-50772582D27A}.Debug|Any CPU.Build.0 = Debug|Any CPU
		{39227A78-90E6-4EC9-B4C6-50772582D27A}.Release|Any CPU.ActiveCfg = Release|Any CPU
		{39227A78-90E6-4EC9-B4C6-50772582D27A}.Release|Any CPU.Build.0 = Release|Any CPU
	EndGlobalSection
	GlobalSection(SolutionProperties) = preSolution
		HideSolutionNode = FALSE
	EndGlobalSection
	GlobalSection(ExtensibilityGlobals) = postSolution
		SolutionGuid = {52D30724-79EC-4764-A7CF-41B140247629}
	EndGlobalSection
EndGlobal
